PODS:
  - AdformAdvertising (2.13.4)
  - Google-Mobile-Ads-SDK (7.40.0)
  - mopub-ios-sdk (5.5.0):
    - mopub-ios-sdk/MoPubSDK (= 5.5.0)
  - mopub-ios-sdk/Avid (5.5.0):
    - mopub-ios-sdk/Core
  - mopub-ios-sdk/Core (5.5.0)
  - mopub-ios-sdk/Moat (5.5.0):
    - mopub-ios-sdk/Core
  - mopub-ios-sdk/MoPubSDK (5.5.0):
    - mopub-ios-sdk/Avid
    - mopub-ios-sdk/Core
    - mopub-ios-sdk/Moat

DEPENDENCIES:
  - AdformAdvertising
  - Google-Mobile-Ads-SDK
  - mopub-ios-sdk

SPEC REPOS:
  https://github.com/cocoapods/specs.git:
    - AdformAdvertising
    - Google-Mobile-Ads-SDK
    - mopub-ios-sdk

SPEC CHECKSUMS:
  AdformAdvertising: 88fdfce0b1606e4023ccbf7ca5a98facf93a4089
  Google-Mobile-Ads-SDK: 9d1c38a83febea769470aa514a9c7954e2d1483d
  mopub-ios-sdk: 937b82dd76d8a396ba6a22ae005a1e24c61bf28b

PODFILE CHECKSUM: 1599dec88b705c957957c3ed28181679b8a6b26c

COCOAPODS: 1.6.0
